
Microsoft Visual Studio Solution File, Format Version 12.00
# Visual Studio Version 17
VisualStudioVersion = 17.8.34330.188
MinimumVisualStudioVersion = 10.0.40219.1
Project("{FAE04EC0-301F-11D3-BF4B-00C04F79EFBC}") = "CarsSaaber", "CarsSaaber\CarsSaaber.csproj", "{3392E6E1-7292-42A0-9FB0-D37ED4AF72B6}"
EndProject
Project("{FAE04EC0-301F-11D3-BF4B-00C04F79EFBC}") = "CarsSaaber.Data", "CarsSaaber.Data\CarsSaaber.Data.csproj", "{F8728613-8AB9-43AB-8D7E-F22F5B429044}"
EndProject
Project("{FAE04EC0-301F-11D3-BF4B-00C04F79EFBC}") = "CarsSaaber.Core", "CarsSaaber.Core\CarsSaaber.Core.csproj", "{D89A0BE0-E280-41C4-956B-5EBC18E3A4E7}"
EndProject
Project("{FAE04EC0-301F-11D3-BF4B-00C04F79EFBC}") = "CarsSaaber.ApplicationServices", "CarsSaaber.ApplicationServices\CarsSaaber.ApplicationServices.csproj", "{DCE0FE9F-3A89-4E02-8796-C65D07EDE60B}"
EndProject
Global
	GlobalSection(SolutionConfigurationPlatforms) = preSolution
		Debug|Any CPU = Debug|Any CPU
		Release|Any CPU = Release|Any CPU
	EndGlobalSection
	GlobalSection(ProjectConfigurationPlatforms) = postSolution
		{3392E6E1-7292-42A0-9FB0-D37ED4AF72B6}.Debug|Any CPU.ActiveCfg = Debug|Any CPU
		{3392E6E1-7292-42A0-9FB0-D37ED4AF72B6}.Debug|Any CPU.Build.0 = Debug|Any CPU
		{3392E6E1-7292-42A0-9FB0-D37ED4AF72B6}.Release|Any CPU.ActiveCfg = Release|Any CPU
		{3392E6E1-7292-42A0-9FB0-D37ED4AF72B6}.Release|Any CPU.Build.0 = Release|Any CPU
		{F8728613-8AB9-43AB-8D7E-F22F5B429044}.Debug|Any CPU.ActiveCfg = Debug|Any CPU
		{F8728613-8AB9-43AB-8D7E-F22F5B429044}.Debug|Any CPU.Build.0 = Debug|Any CPU
		{F8728613-8AB9-43AB-8D7E-F22F5B429044}.Release|Any CPU.ActiveCfg = Release|Any CPU
		{F8728613-8AB9-43AB-8D7E-F22F5B429044}.Release|Any CPU.Build.0 = Release|Any CPU
		{D89A0BE0-E280-41C4-956B-5EBC18E3A4E7}.Debug|Any CPU.ActiveCfg = Debug|Any CPU
		{D89A0BE0-E280-41C4-956B-5EBC18E3A4E7}.Debug|Any CPU.Build.0 = Debug|Any CPU
		{D89A0BE0-E280-41C4-956B-5EBC18E3A4E7}.Release|Any CPU.ActiveCfg = Release|Any CPU
		{D89A0BE0-E280-41C4-956B-5EBC18E3A4E7}.Release|Any CPU.Build.0 = Release|Any CPU
		{DCE0FE9F-3A89-4E02-8796-C65D07EDE60B}.Debug|Any CPU.ActiveCfg = Debug|Any CPU
		{DCE0FE9F-3A89-4E02-8796-C65D07EDE60B}.Debug|Any CPU.Build.0 = Debug|Any CPU
		{DCE0FE9F-3A89-4E02-8796-C65D07EDE60B}.Release|Any CPU.ActiveCfg = Release|Any CPU
		{DCE0FE9F-3A89-4E02-8796-C65D07EDE60B}.Release|Any CPU.Build.0 = Release|Any CPU
	EndGlobalSection
	GlobalSection(SolutionProperties) = preSolution
		HideSolutionNode = FALSE
	EndGlobalSection
	GlobalSection(ExtensibilityGlobals) = postSolution
		SolutionGuid = {C93226CC-87EB-4340-B9C5-99FAF110E807}
	EndGlobalSection
EndGlobal
